
Microsoft Visual Studio Solution File, Format Version 12.00
# Visual Studio Version 17
VisualStudioVersion = 17.5.33530.505
MinimumVisualStudioVersion = 10.0.40219.1
Project("{9A19103F-16F7-4668-BE54-9A1E7A4F7556}") = "Service", "Service.csproj", "{5D7829CA-64FC-4AFC-9E2E-602B0601D1EC}"
EndProject
Global
	GlobalSection(SolutionConfigurationPlatforms) = preSolution
		Debug|Any CPU = Debug|Any CPU
		Release|Any CPU = Release|Any CPU
	EndGlobalSection
	GlobalSection(ProjectConfigurationPlatforms) = postSolution
		{5D7829CA-64FC-4AFC-9E2E-602B0601D1EC}.Debug|Any CPU.ActiveCfg = Debug|Any CPU
		{5D7829CA-64FC-4AFC-9E2E-602B0601D1EC}.Debug|Any CPU.Build.0 = Debug|Any CPU
		{5D7829CA-64FC-4AFC-9E2E-602B0601D1EC}.Release|Any CPU.ActiveCfg = Release|Any CPU
		{5D7829CA-64FC-4AFC-9E2E-602B0601D1EC}.Release|Any CPU.Build.0 = Release|Any CPU
	EndGlobalSection
	GlobalSection(SolutionProperties) = preSolution
		HideSolutionNode = FALSE
	EndGlobalSection
	GlobalSection(ExtensibilityGlobals) = postSolution
		SolutionGuid = {238F00CA-26F4-41D3-B024-99EC8C1A4807}
	EndGlobalSection
EndGlobal
