
Microsoft Visual Studio Solution File, Format Version 12.00
# Visual Studio Version 17
VisualStudioVersion = 17.5.33530.505
MinimumVisualStudioVersion = 10.0.40219.1
Project("{9A19103F-16F7-4668-BE54-9A1E7A4F7556}") = "Project.MVC", "..\MVC\Project.MVC.csproj", "{B74BEC8F-AEBF-4D5A-808A-F4A77852C21C}"
	ProjectSection(ProjectDependencies) = postProject
		{E582E616-2FD6-4EBE-9421-1210F5BA6487} = {E582E616-2FD6-4EBE-9421-1210F5BA6487}
	EndProjectSection
EndProject
Project("{9A19103F-16F7-4668-BE54-9A1E7A4F7556}") = "Project.Service", "..\Service\Project.Service.csproj", "{E582E616-2FD6-4EBE-9421-1210F5BA6487}"
EndProject
Global
	GlobalSection(SolutionConfigurationPlatforms) = preSolution
		Debug|Any CPU = Debug|Any CPU
		Release|Any CPU = Release|Any CPU
	EndGlobalSection
	GlobalSection(ProjectConfigurationPlatforms) = postSolution
		{B74BEC8F-AEBF-4D5A-808A-F4A77852C21C}.Debug|Any CPU.ActiveCfg = Debug|Any CPU
		{B74BEC8F-AEBF-4D5A-808A-F4A77852C21C}.Debug|Any CPU.Build.0 = Debug|Any CPU
		{B74BEC8F-AEBF-4D5A-808A-F4A77852C21C}.Release|Any CPU.ActiveCfg = Release|Any CPU
		{B74BEC8F-AEBF-4D5A-808A-F4A77852C21C}.Release|Any CPU.Build.0 = Release|Any CPU
		{E582E616-2FD6-4EBE-9421-1210F5BA6487}.Debug|Any CPU.ActiveCfg = Debug|Any CPU
		{E582E616-2FD6-4EBE-9421-1210F5BA6487}.Debug|Any CPU.Build.0 = Debug|Any CPU
		{E582E616-2FD6-4EBE-9421-1210F5BA6487}.Release|Any CPU.ActiveCfg = Release|Any CPU
		{E582E616-2FD6-4EBE-9421-1210F5BA6487}.Release|Any CPU.Build.0 = Release|Any CPU
	EndGlobalSection
	GlobalSection(SolutionProperties) = preSolution
		HideSolutionNode = FALSE
	EndGlobalSection
	GlobalSection(ExtensibilityGlobals) = postSolution
		SolutionGuid = {88B093D9-4B07-4D57-9A63-5334324E462B}
	EndGlobalSection
EndGlobal
